
Microsoft Visual Studio Solution File, Format Version 12.00
# Visual Studio Version 17
VisualStudioVersion = 17.13.35919.96 d17.13
MinimumVisualStudioVersion = 10.0.40219.1
Project("{FAE04EC0-301F-11D3-BF4B-00C04F79EFBC}") = "EF_Home_Work-Three", "EF_Home_Work-Three.csproj", "{CF39E821-712A-47F2-88D2-8FA5870D65A5}"
EndProject
Global
	GlobalSection(SolutionConfigurationPlatforms) = preSolution
		Debug|Any CPU = Debug|Any CPU
		Release|Any CPU = Release|Any CPU
	EndGlobalSection
	GlobalSection(ProjectConfigurationPlatforms) = postSolution
		{CF39E821-712A-47F2-88D2-8FA5870D65A5}.Debug|Any CPU.ActiveCfg = Debug|Any CPU
		{CF39E821-712A-47F2-88D2-8FA5870D65A5}.Debug|Any CPU.Build.0 = Debug|Any CPU
		{CF39E821-712A-47F2-88D2-8FA5870D65A5}.Release|Any CPU.ActiveCfg = Release|Any CPU
		{CF39E821-712A-47F2-88D2-8FA5870D65A5}.Release|Any CPU.Build.0 = Release|Any CPU
	EndGlobalSection
	GlobalSection(SolutionProperties) = preSolution
		HideSolutionNode = FALSE
	EndGlobalSection
	GlobalSection(ExtensibilityGlobals) = postSolution
		SolutionGuid = {63A13C59-A54A-43D4-AF4F-5B652A1C46EF}
	EndGlobalSection
EndGlobal
